
Microsoft Visual Studio Solution File, Format Version 12.00
# Visual Studio 15
VisualStudioVersion = 15.0.28010.2003
MinimumVisualStudioVersion = 10.0.40219.1
Project("{FAE04EC0-301F-11D3-BF4B-00C04F79EFBC}") = "ArmControl", "ArmControl\ArmControl.csproj", "{53F7E6A1-8D99-4861-A0DA-FB2854359904}"
EndProject
Global
	GlobalSection(SolutionConfigurationPlatforms) = preSolution
		Debug|Any CPU = Debug|Any CPU
		Release|Any CPU = Release|Any CPU
	EndGlobalSection
	GlobalSection(ProjectConfigurationPlatforms) = postSolution
		{53F7E6A1-8D99-4861-A0DA-FB2854359904}.Debug|Any CPU.ActiveCfg = Debug|Any CPU
		{53F7E6A1-8D99-4861-A0DA-FB2854359904}.Debug|Any CPU.Build.0 = Debug|Any CPU
		{53F7E6A1-8D99-4861-A0DA-FB2854359904}.Release|Any CPU.ActiveCfg = Release|Any CPU
		{53F7E6A1-8D99-4861-A0DA-FB2854359904}.Release|Any CPU.Build.0 = Release|Any CPU
	EndGlobalSection
	GlobalSection(SolutionProperties) = preSolution
		HideSolutionNode = FALSE
	EndGlobalSection
	GlobalSection(ExtensibilityGlobals) = postSolution
		SolutionGuid = {AC9E7B6B-C8D0-4A81-AF5E-3283036DA5F8}
	EndGlobalSection
EndGlobal
